
Microsoft Visual Studio Solution File, Format Version 12.00
# Visual Studio Version 17
VisualStudioVersion = 17.9.34616.47
MinimumVisualStudioVersion = 10.0.40219.1
Project("{2150E333-8FDC-42A3-9474-1A3956D46DE8}") = "src", "src", "{6F37E87C-BABE-4727-ADF5-157E65C583ED}"
EndProject
Project("{2150E333-8FDC-42A3-9474-1A3956D46DE8}") = "tests", "tests", "{407B2EC0-0E85-4E39-9782-AB920A765B51}"
EndProject
Project("{FAE04EC0-301F-11D3-BF4B-00C04F79EFBC}") = "Appwrite.Client", "src\Appwrite.Client\Appwrite.Client.csproj", "{0B05C1CC-1D37-4BAB-B133-E8638F6C6439}"
EndProject
Global
	GlobalSection(SolutionConfigurationPlatforms) = preSolution
		Debug|Any CPU = Debug|Any CPU
		Release|Any CPU = Release|Any CPU
	EndGlobalSection
	GlobalSection(ProjectConfigurationPlatforms) = postSolution
		{0B05C1CC-1D37-4BAB-B133-E8638F6C6439}.Debug|Any CPU.ActiveCfg = Debug|Any CPU
		{0B05C1CC-1D37-4BAB-B133-E8638F6C6439}.Debug|Any CPU.Build.0 = Debug|Any CPU
		{0B05C1CC-1D37-4BAB-B133-E8638F6C6439}.Release|Any CPU.ActiveCfg = Release|Any CPU
		{0B05C1CC-1D37-4BAB-B133-E8638F6C6439}.Release|Any CPU.Build.0 = Release|Any CPU
	EndGlobalSection
	GlobalSection(SolutionProperties) = preSolution
		HideSolutionNode = FALSE
	EndGlobalSection
	GlobalSection(NestedProjects) = preSolution
		{0B05C1CC-1D37-4BAB-B133-E8638F6C6439} = {6F37E87C-BABE-4727-ADF5-157E65C583ED}
	EndGlobalSection
	GlobalSection(ExtensibilityGlobals) = postSolution
		SolutionGuid = {82576E5A-09AA-47E0-98BC-E5CA47EF4EC0}
	EndGlobalSection
EndGlobal
